// !$*UTF8*$!
{
	archiveVersion = 1;
	classes = {
	};
	objectVersion = 50;
	objects = {

/* Begin PBXBuildFile section */
		EC28403D256D20E10045052E /* AppDelegate.swift in Sources */ = {isa = PBXBuildFile; fileRef = EC28403C256D20E10045052E /* AppDelegate.swift */; };
		EC28403F256D20E10045052E /* SceneDelegate.swift in Sources */ = {isa = PBXBuildFile; fileRef = EC28403E256D20E10045052E /* SceneDelegate.swift */; };
		EC284041256D20E10045052E /* ViewController.swift in Sources */ = {isa = PBXBuildFile; fileRef = EC284040256D20E10045052E /* ViewController.swift */; };
		EC284044256D20E10045052E /* Main.storyboard in Resources */ = {isa = PBXBuildFile; fileRef = EC284042256D20E10045052E /* Main.storyboard */; };
		EC284046256D20E30045052E /* Assets.xcassets in Resources */ = {isa = PBXBuildFile; fileRef = EC284045256D20E30045052E /* Assets.xcassets */; };
		EC284049256D20E30045052E /* LaunchScreen.storyboard in Resources */ = {isa = PBXBuildFile; fileRef = EC284047256D20E30045052E /* LaunchScreen.storyboard */; };
		EC284055256D2BDC0045052E /* Wizard.swift in Sources */ = {isa = PBXBuildFile; fileRef = EC284054256D2BDC0045052E /* Wizard.swift */; };
		EC284059256D2DA50045052E /* WizardPageController.swift in Sources */ = {isa = PBXBuildFile; fileRef = EC284058256D2DA50045052E /* WizardPageController.swift */; };
		EC284060256D415C0045052E /* WizardView.swift in Sources */ = {isa = PBXBuildFile; fileRef = EC28405F256D415C0045052E /* WizardView.swift */; };
		ECF4822D2580D00D008B736B /* ContentView.swift in Sources */ = {isa = PBXBuildFile; fileRef = ECF4822C2580D00D008B736B /* ContentView.swift */; };
		ECF482322580E753008B736B /* ExtentionColor.swift in Sources */ = {isa = PBXBuildFile; fileRef = ECF482312580E753008B736B /* ExtentionColor.swift */; };
		ECF482362580F3DB008B736B /* ControllerBuilder.swift in Sources */ = {isa = PBXBuildFile; fileRef = ECF482352580F3DB008B736B /* ControllerBuilder.swift */; };
		ECF4823A2580F678008B736B /* ContentBuilder.swift in Sources */ = {isa = PBXBuildFile; fileRef = ECF482392580F678008B736B /* ContentBuilder.swift */; };
/* End PBXBuildFile section */

/* Begin PBXFileReference section */
		EC284039256D20E10045052E /* Wizard.app */ = {isa = PBXFileReference; explicitFileType = wrapper.application; includeInIndex = 0; path = Wizard.app; sourceTree = BUILT_PRODUCTS_DIR; };
		EC28403C256D20E10045052E /* AppDelegate.swift */ = {isa = PBXFileReference; lastKnownFileType = sourcecode.swift; path = AppDelegate.swift; sourceTree = "<group>"; };
		EC28403E256D20E10045052E /* SceneDelegate.swift */ = {isa = PBXFileReference; lastKnownFileType = sourcecode.swift; path = SceneDelegate.swift; sourceTree = "<group>"; };
		EC284040256D20E10045052E /* ViewController.swift */ = {isa = PBXFileReference; lastKnownFileType = sourcecode.swift; path = ViewController.swift; sourceTree = "<group>"; };
		EC284043256D20E10045052E /* Base */ = {isa = PBXFileReference; lastKnownFileType = file.storyboard; name = Base; path = Base.lproj/Main.storyboard; sourceTree = "<group>"; };
		EC284045256D20E30045052E /* Assets.xcassets */ = {isa = PBXFileReference; lastKnownFileType = folder.assetcatalog; path = Assets.xcassets; sourceTree = "<group>"; };
		EC284048256D20E30045052E /* Base */ = {isa = PBXFileReference; lastKnownFileType = file.storyboard; name = Base; path = Base.lproj/LaunchScreen.storyboard; sourceTree = "<group>"; };
		EC28404A256D20E30045052E /* Info.plist */ = {isa = PBXFileReference; lastKnownFileType = text.plist.xml; path = Info.plist; sourceTree = "<group>"; };
		EC284054256D2BDC0045052E /* Wizard.swift */ = {isa = PBXFileReference; lastKnownFileType = sourcecode.swift; path = Wizard.swift; sourceTree = "<group>"; };
		EC284058256D2DA50045052E /* WizardPageController.swift */ = {isa = PBXFileReference; lastKnownFileType = sourcecode.swift; path = WizardPageController.swift; sourceTree = "<group>"; };
		EC28405F256D415C0045052E /* WizardView.swift */ = {isa = PBXFileReference; lastKnownFileType = sourcecode.swift; path = WizardView.swift; sourceTree = "<group>"; };
		ECF4822C2580D00D008B736B /* ContentView.swift */ = {isa = PBXFileReference; lastKnownFileType = sourcecode.swift; path = ContentView.swift; sourceTree = "<group>"; };
		ECF482312580E753008B736B /* ExtentionColor.swift */ = {isa = PBXFileReference; lastKnownFileType = sourcecode.swift; path = ExtentionColor.swift; sourceTree = "<group>"; };
		ECF482352580F3DB008B736B /* ControllerBuilder.swift */ = {isa = PBXFileReference; lastKnownFileType = sourcecode.swift; path = ControllerBuilder.swift; sourceTree = "<group>"; };
		ECF482392580F678008B736B /* ContentBuilder.swift */ = {isa = PBXFileReference; lastKnownFileType = sourcecode.swift; path = ContentBuilder.swift; sourceTree = "<group>"; };
/* End PBXFileReference section */

/* Begin PBXFrameworksBuildPhase section */
		EC284036256D20E10045052E /* Frameworks */ = {
			isa = PBXFrameworksBuildPhase;
			buildActionMask = 2147483647;
			files = (
			);
			runOnlyForDeploymentPostprocessing = 0;
		};
/* End PBXFrameworksBuildPhase section */

/* Begin PBXGroup section */
		EC284030256D20E10045052E = {
			isa = PBXGroup;
			children = (
				EC28403B256D20E10045052E /* Wizard */,
				EC28403A256D20E10045052E /* Products */,
			);
			sourceTree = "<group>";
		};
		EC28403A256D20E10045052E /* Products */ = {
			isa = PBXGroup;
			children = (
				EC284039256D20E10045052E /* Wizard.app */,
			);
			name = Products;
			sourceTree = "<group>";
		};
		EC28403B256D20E10045052E /* Wizard */ = {
			isa = PBXGroup;
			children = (
				ECF482302580E73C008B736B /* Extention */,
				EC28403C256D20E10045052E /* AppDelegate.swift */,
				EC28403E256D20E10045052E /* SceneDelegate.swift */,
				EC284042256D20E10045052E /* Main.storyboard */,
				EC284045256D20E30045052E /* Assets.xcassets */,
				EC284047256D20E30045052E /* LaunchScreen.storyboard */,
				EC28404A256D20E30045052E /* Info.plist */,
				EC284040256D20E10045052E /* ViewController.swift */,
				ECF482342580F3B7008B736B /* Controller */,
				EC284069256D63C00045052E /* Content */,
				EC284058256D2DA50045052E /* WizardPageController.swift */,
				EC28405F256D415C0045052E /* WizardView.swift */,
				EC284054256D2BDC0045052E /* Wizard.swift */,
			);
			path = Wizard;
			sourceTree = "<group>";
		};
		EC284069256D63C00045052E /* Content */ = {
			isa = PBXGroup;
			children = (
				ECF4822C2580D00D008B736B /* ContentView.swift */,
				ECF482392580F678008B736B /* ContentBuilder.swift */,
			);
			path = Content;
			sourceTree = "<group>";
		};
		ECF482302580E73C008B736B /* Extention */ = {
			isa = PBXGroup;
			children = (
				ECF482312580E753008B736B /* ExtentionColor.swift */,
			);
			path = Extention;
			sourceTree = "<group>";
		};
		ECF482342580F3B7008B736B /* Controller */ = {
			isa = PBXGroup;
			children = (
				ECF482352580F3DB008B736B /* ControllerBuilder.swift */,
			);
			path = Controller;
			sourceTree = "<group>";
		};
/* End PBXGroup section */

/* Begin PBXNativeTarget section */
		EC284038256D20E10045052E /* Wizard */ = {
			isa = PBXNativeTarget;
			buildConfigurationList = EC28404D256D20E30045052E /* Build configuration list for PBXNativeTarget "Wizard" */;
			buildPhases = (
				EC284035256D20E10045052E /* Sources */,
				EC284036256D20E10045052E /* Frameworks */,
				EC284037256D20E10045052E /* Resources */,
			);
			buildRules = (
			);
			dependencies = (
			);
			name = Wizard;
			productName = Wizard;
			productReference = EC284039256D20E10045052E /* Wizard.app */;
			productType = "com.apple.product-type.application";
		};
/* End PBXNativeTarget section */

/* Begin PBXProject section */
		EC284031256D20E10045052E /* Project object */ = {
			isa = PBXProject;
			attributes = {
				LastSwiftUpdateCheck = 1220;
				LastUpgradeCheck = 1220;
				TargetAttributes = {
					EC284038256D20E10045052E = {
						CreatedOnToolsVersion = 12.2;
					};
				};
			};
			buildConfigurationList = EC284034256D20E10045052E /* Build configuration list for PBXProject "Wizard" */;
			compatibilityVersion = "Xcode 9.3";
			developmentRegion = en;
			hasScannedForEncodings = 0;
			knownRegions = (
				en,
				Base,
			);
			mainGroup = EC284030256D20E10045052E;
			productRefGroup = EC28403A256D20E10045052E /* Products */;
			projectDirPath = "";
			projectRoot = "";
			targets = (
				EC284038256D20E10045052E /* Wizard */,
			);
		};
/* End PBXProject section */

/* Begin PBXResourcesBuildPhase section */
		EC284037256D20E10045052E /* Resources */ = {
			isa = PBXResourcesBuildPhase;
			buildActionMask = 2147483647;
			files = (
				EC284049256D20E30045052E /* LaunchScreen.storyboard in Resources */,
				EC284046256D20E30045052E /* Assets.xcassets in Resources */,
				EC284044256D20E10045052E /* Main.storyboard in Resources */,
			);
			runOnlyForDeploymentPostprocessing = 0;
		};
/* End PBXResourcesBuildPhase section */

/* Begin PBXSourcesBuildPhase section */
		EC284035256D20E10045052E /* Sources */ = {
			isa = PBXSourcesBuildPhase;
			buildActionMask = 2147483647;
			files = (
				EC284041256D20E10045052E /* ViewController.swift in Sources */,
				EC28403D256D20E10045052E /* AppDelegate.swift in Sources */,
				EC284055256D2BDC0045052E /* Wizard.swift in Sources */,
				ECF482322580E753008B736B /* ExtentionColor.swift in Sources */,
				ECF4823A2580F678008B736B /* ContentBuilder.swift in Sources */,
				EC284060256D415C0045052E /* WizardView.swift in Sources */,
				ECF4822D2580D00D008B736B /* ContentView.swift in Sources */,
				EC284059256D2DA50045052E /* WizardPageController.swift in Sources */,
				ECF482362580F3DB008B736B /* ControllerBuilder.swift in Sources */,
				EC28403F256D20E10045052E /* SceneDelegate.swift in Sources */,
			);
			runOnlyForDeploymentPostprocessing = 0;
		};
/* End PBXSourcesBuildPhase section */

/* Begin PBXVariantGroup section */
		EC284042256D20E10045052E /* Main.storyboard */ = {
			isa = PBXVariantGroup;
			children = (
				EC284043256D20E10045052E /* Base */,
			);
			name = Main.storyboard;
			sourceTree = "<group>";
		};
		EC284047256D20E30045052E /* LaunchScreen.storyboard */ = {
			isa = PBXVariantGroup;
			children = (
				EC284048256D20E30045052E /* Base */,
			);
			name = LaunchScreen.storyboard;
			sourceTree = "<group>";
		};
/* End PBXVariantGroup section */

/* Begin XCBuildConfiguration section */
		EC28404B256D20E30045052E /* Debug */ = {
			isa = XCBuildConfiguration;
			buildSettings = {
				ALWAYS_SEARCH_USER_PATHS = NO;
				CLANG_ANALYZER_NONNULL = YES;
				CLANG_ANALYZER_NUMBER_OBJECT_CONVERSION = YES_AGGRESSIVE;
				CLANG_CXX_LANGUAGE_STANDARD = "gnu++14";
				CLANG_CXX_LIBRARY = "libc++";
				CLANG_ENABLE_MODULES = YES;
				CLANG_ENABLE_OBJC_ARC = YES;
				CLANG_ENABLE_OBJC_WEAK = YES;
				CLANG_WARN_BLOCK_CAPTURE_AUTORELEASING = YES;
				CLANG_WARN_BOOL_CONVERSION = YES;
				CLANG_WARN_COMMA = YES;
				CLANG_WARN_CONSTANT_CONVERSION = YES;
				CLANG_WARN_DEPRECATED_OBJC_IMPLEMENTATIONS = YES;
				CLANG_WARN_DIRECT_OBJC_ISA_USAGE = YES_ERROR;
				CLANG_WARN_DOCUMENTATION_COMMENTS = YES;
				CLANG_WARN_EMPTY_BODY = YES;
				CLANG_WARN_ENUM_CONVERSION = YES;
				CLANG_WARN_INFINITE_RECURSION = YES;
				CLANG_WARN_INT_CONVERSION = YES;
				CLANG_WARN_NON_LITERAL_NULL_CONVERSION = YES;
				CLANG_WARN_OBJC_IMPLICIT_RETAIN_SELF = YES;
				CLANG_WARN_OBJC_LITERAL_CONVERSION = YES;
				CLANG_WARN_OBJC_ROOT_CLASS = YES_ERROR;
				CLANG_WARN_QUOTED_INCLUDE_IN_FRAMEWORK_HEADER = YES;
				CLANG_WARN_RANGE_LOOP_ANALYSIS = YES;
				CLANG_WARN_STRICT_PROTOTYPES = YES;
				CLANG_WARN_SUSPICIOUS_MOVE = YES;
				CLANG_WARN_UNGUARDED_AVAILABILITY = YES_AGGRESSIVE;
				CLANG_WARN_UNREACHABLE_CODE = YES;
				CLANG_WARN__DUPLICATE_METHOD_MATCH = YES;
				COPY_PHASE_STRIP = NO;
				DEBUG_INFORMATION_FORMAT = dwarf;
				ENABLE_STRICT_OBJC_MSGSEND = YES;
				ENABLE_TESTABILITY = YES;
				GCC_C_LANGUAGE_STANDARD = gnu11;
				GCC_DYNAMIC_NO_PIC = NO;
				GCC_NO_COMMON_BLOCKS = YES;
				GCC_OPTIMIZATION_LEVEL = 0;
				GCC_PREPROCESSOR_DEFINITIONS = (
					"DEBUG=1",
					"$(inherited)",
				);
				GCC_WARN_64_TO_32_BIT_CONVERSION = YES;
				GCC_WARN_ABOUT_RETURN_TYPE = YES_ERROR;
				GCC_WARN_UNDECLARED_SELECTOR = YES;
				GCC_WARN_UNINITIALIZED_AUTOS = YES_AGGRESSIVE;
				GCC_WARN_UNUSED_FUNCTION = YES;
				GCC_WARN_UNUSED_VARIABLE = YES;
				IPHONEOS_DEPLOYMENT_TARGET = 14.2;
				MTL_ENABLE_DEBUG_INFO = INCLUDE_SOURCE;
				MTL_FAST_MATH = YES;
				ONLY_ACTIVE_ARCH = YES;
				SDKROOT = iphoneos;
				SWIFT_ACTIVE_COMPILATION_CONDITIONS = DEBUG;
				SWIFT_OPTIMIZATION_LEVEL = "-Onone";
			};
			name = Debug;
		};
		EC28404C256D20E30045052E /* Release */ = {
			isa = XCBuildConfiguration;
			buildSettings = {
				ALWAYS_SEARCH_USER_PATHS = NO;
				CLANG_ANALYZER_NONNULL = YES;
				CLANG_ANALYZER_NUMBER_OBJECT_CONVERSION = YES_AGGRESSIVE;
				CLANG_CXX_LANGUAGE_STANDARD = "gnu++14";
				CLANG_CXX_LIBRARY = "libc++";
				CLANG_ENABLE_MODULES = YES;
				CLANG_ENABLE_OBJC_ARC = YES;
				CLANG_ENABLE_OBJC_WEAK = YES;
				CLANG_WARN_BLOCK_CAPTURE_AUTORELEASING = YES;
				CLANG_WARN_BOOL_CONVERSION = YES;
				CLANG_WARN_COMMA = YES;
				CLANG_WARN_CONSTANT_CONVERSION = YES;
				CLANG_WARN_DEPRECATED_OBJC_IMPLEMENTATIONS = YES;
				CLANG_WARN_DIRECT_OBJC_ISA_USAGE = YES_ERROR;
				CLANG_WARN_DOCUMENTATION_COMMENTS = YES;
				CLANG_WARN_EMPTY_BODY = YES;
				CLANG_WARN_ENUM_CONVERSION = YES;
				CLANG_WARN_INFINITE_RECURSION = YES;
				CLANG_WARN_INT_CONVERSION = YES;
				CLANG_WARN_NON_LITERAL_NULL_CONVERSION = YES;
				CLANG_WARN_OBJC_IMPLICIT_RETAIN_SELF = YES;
				CLANG_WARN_OBJC_LITERAL_CONVERSION = YES;
				CLANG_WARN_OBJC_ROOT_CLASS = YES_ERROR;
				CLANG_WARN_QUOTED_INCLUDE_IN_FRAMEWORK_HEADER = YES;
				CLANG_WARN_RANGE_LOOP_ANALYSIS = YES;
				CLANG_WARN_STRICT_PROTOTYPES = YES;
				CLANG_WARN_SUSPICIOUS_MOVE = YES;
				CLANG_WARN_UNGUARDED_AVAILABILITY = YES_AGGRESSIVE;
				CLANG_WARN_UNREACHABLE_CODE = YES;
				CLANG_WARN__DUPLICATE_METHOD_MATCH = YES;
				COPY_PHASE_STRIP = NO;
				DEBUG_INFORMATION_FORMAT = "dwarf-with-dsym";
				ENABLE_NS_ASSERTIONS = NO;
				ENABLE_STRICT_OBJC_MSGSEND = YES;
				GCC_C_LANGUAGE_STANDARD = gnu11;
				GCC_NO_COMMON_BLOCKS = YES;
				GCC_WARN_64_TO_32_BIT_CONVERSION = YES;
				GCC_WARN_ABOUT_RETURN_TYPE = YES_ERROR;
				GCC_WARN_UNDECLARED_SELECTOR = YES;
				GCC_WARN_UNINITIALIZED_AUTOS = YES_AGGRESSIVE;
				GCC_WARN_UNUSED_FUNCTION = YES;
				GCC_WARN_UNUSED_VARIABLE = YES;
				IPHONEOS_DEPLOYMENT_TARGET = 14.2;
				MTL_ENABLE_DEBUG_INFO = NO;
				MTL_FAST_MATH = YES;
				SDKROOT = iphoneos;
				SWIFT_COMPILATION_MODE = wholemodule;
				SWIFT_OPTIMIZATION_LEVEL = "-O";
				VALIDATE_PRODUCT = YES;
			};
			name = Release;
		};
		EC28404E256D20E30045052E /* Debug */ = {
			isa = XCBuildConfiguration;
			buildSettings = {
				ASSETCATALOG_COMPILER_APPICON_NAME = AppIcon;
				ASSETCATALOG_COMPILER_GLOBAL_ACCENT_COLOR_NAME = AccentColor;
				CODE_SIGN_STYLE = Automatic;
				INFOPLIST_FILE = Wizard/Info.plist;
				LD_RUNPATH_SEARCH_PATHS = (
					"$(inherited)",
					"@executable_path/Frameworks",
				);
				PRODUCT_BUNDLE_IDENTIFIER = test.Wizard;
				PRODUCT_NAME = "$(TARGET_NAME)";
				SWIFT_VERSION = 5.0;
				TARGETED_DEVICE_FAMILY = "1,2";
			};
			name = Debug;
		};
		EC28404F256D20E30045052E /* Release */ = {
			isa = XCBuildConfiguration;
			buildSettings = {
				ASSETCATALOG_COMPILER_APPICON_NAME = AppIcon;
				ASSETCATALOG_COMPILER_GLOBAL_ACCENT_COLOR_NAME = AccentColor;
				CODE_SIGN_STYLE = Automatic;
				INFOPLIST_FILE = Wizard/Info.plist;
				LD_RUNPATH_SEARCH_PATHS = (
					"$(inherited)",
					"@executable_path/Frameworks",
				);
				PRODUCT_BUNDLE_IDENTIFIER = test.Wizard;
				PRODUCT_NAME = "$(TARGET_NAME)";
				SWIFT_VERSION = 5.0;
				TARGETED_DEVICE_FAMILY = "1,2";
			};
			name = Release;
		};
/* End XCBuildConfiguration section */

/* Begin XCConfigurationList section */
		EC284034256D20E10045052E /* Build configuration list for PBXProject "Wizard" */ = {
			isa = XCConfigurationList;
			buildConfigurations = (
				EC28404B256D20E30045052E /* Debug */,
				EC28404C256D20E30045052E /* Release */,
			);
			defaultConfigurationIsVisible = 0;
			defaultConfigurationName = Release;
		};
		EC28404D256D20E30045052E /* Build configuration list for PBXNativeTarget "Wizard" */ = {
			isa = XCConfigurationList;
			buildConfigurations = (
				EC28404E256D20E30045052E /* Debug */,
				EC28404F256D20E30045052E /* Release */,
			);
			defaultConfigurationIsVisible = 0;
			defaultConfigurationName = Release;
		};
/* End XCConfigurationList section */
	};
	rootObject = EC284031256D20E10045052E /* Project object */;
}
